
Microsoft Visual Studio Solution File, Format Version 12.00
# Visual Studio Version 16
VisualStudioVersion = 16.0.30104.148
MinimumVisualStudioVersion = 10.0.40219.1
Project("{8BC9CEB8-8B4A-11D0-8D11-00A0C91BC942}") = "RegistrySize", "RegistrySize.vcxproj", "{A5A42B68-C90A-4332-989E-D7FABED26D8F}"
EndProject
Global
	GlobalSection(SolutionConfigurationPlatforms) = preSolution
		Debug|x64 = Debug|x64
		Debug|x86 = Debug|x86
		Release|x64 = Release|x64
		Release|x86 = Release|x86
	EndGlobalSection
	GlobalSection(ProjectConfigurationPlatforms) = postSolution
		{A5A42B68-C90A-4332-989E-D7FABED26D8F}.Debug|x64.ActiveCfg = Debug|x64
		{A5A42B68-C90A-4332-989E-D7FABED26D8F}.Debug|x64.Build.0 = Debug|x64
		{A5A42B68-C90A-4332-989E-D7FABED26D8F}.Debug|x86.ActiveCfg = Debug|Win32
		{A5A42B68-C90A-4332-989E-D7FABED26D8F}.Debug|x86.Build.0 = Debug|Win32
		{A5A42B68-C90A-4332-989E-D7FABED26D8F}.Release|x64.ActiveCfg = Release|x64
		{A5A42B68-C90A-4332-989E-D7FABED26D8F}.Release|x64.Build.0 = Release|x64
		{A5A42B68-C90A-4332-989E-D7FABED26D8F}.Release|x86.ActiveCfg = Release|Win32
		{A5A42B68-C90A-4332-989E-D7FABED26D8F}.Release|x86.Build.0 = Release|Win32
	EndGlobalSection
	GlobalSection(SolutionProperties) = preSolution
		HideSolutionNode = FALSE
	EndGlobalSection
	GlobalSection(ExtensibilityGlobals) = postSolution
		SolutionGuid = {A7D5731D-F91B-4545-99CB-89CFF4BAA641}
	EndGlobalSection
EndGlobal
